
Microsoft Visual Studio Solution File, Format Version 12.00
# Visual Studio Version 16
VisualStudioVersion = 16.0.31313.79
MinimumVisualStudioVersion = 10.0.40219.1
Project("{151D2E53-A2C4-4D7D-83FE-D05416EBD58E}") = "ADF-IAC", "ADF-IAC\ADF-IAC.deployproj", "{32CF8E83-D5C5-473C-BE8D-E98911B0874F}"
EndProject
Global
	GlobalSection(SolutionConfigurationPlatforms) = preSolution
		Debug|Any CPU = Debug|Any CPU
		Release|Any CPU = Release|Any CPU
	EndGlobalSection
	GlobalSection(ProjectConfigurationPlatforms) = postSolution
		{32CF8E83-D5C5-473C-BE8D-E98911B0874F}.Debug|Any CPU.ActiveCfg = Debug|Any CPU
		{32CF8E83-D5C5-473C-BE8D-E98911B0874F}.Debug|Any CPU.Build.0 = Debug|Any CPU
		{32CF8E83-D5C5-473C-BE8D-E98911B0874F}.Release|Any CPU.ActiveCfg = Release|Any CPU
		{32CF8E83-D5C5-473C-BE8D-E98911B0874F}.Release|Any CPU.Build.0 = Release|Any CPU
	EndGlobalSection
	GlobalSection(SolutionProperties) = preSolution
		HideSolutionNode = FALSE
	EndGlobalSection
	GlobalSection(ExtensibilityGlobals) = postSolution
		SolutionGuid = {2FCE2165-BE3E-4CA5-9BE4-5DDD78E0906B}
	EndGlobalSection
EndGlobal
